// !$*UTF8*$!
{
	archiveVersion = 1;
	classes = {
	};
	objectVersion = 46;
	objects = {

/* Begin PBXBuildFile section */
		4AA5A5521E4FE8FE00A1E843 /* AppDelegate.swift in Sources */ = {isa = PBXBuildFile; fileRef = 4AA5A5511E4FE8FE00A1E843 /* AppDelegate.swift */; };
		4AA5A5571E4FE8FE00A1E843 /* Main.storyboard in Resources */ = {isa = PBXBuildFile; fileRef = 4AA5A5551E4FE8FE00A1E843 /* Main.storyboard */; };
		4AA5A5591E4FE8FE00A1E843 /* Assets.xcassets in Resources */ = {isa = PBXBuildFile; fileRef = 4AA5A5581E4FE8FE00A1E843 /* Assets.xcassets */; };
		4AA5A55C1E4FE8FE00A1E843 /* LaunchScreen.storyboard in Resources */ = {isa = PBXBuildFile; fileRef = 4AA5A55A1E4FE8FE00A1E843 /* LaunchScreen.storyboard */; };
		4AA5A5641E4FE92B00A1E843 /* TableViewController.swift in Sources */ = {isa = PBXBuildFile; fileRef = 4AA5A5631E4FE92B00A1E843 /* TableViewController.swift */; };
		4AA5A5661E4FE95B00A1E843 /* SearchResultTableViewController.swift in Sources */ = {isa = PBXBuildFile; fileRef = 4AA5A5651E4FE95B00A1E843 /* SearchResultTableViewController.swift */; };
/* End PBXBuildFile section */

/* Begin PBXFileReference section */
		4AA5A54E1E4FE8FE00A1E843 /* UISearchController的使用.app */ = {isa = PBXFileReference; explicitFileType = wrapper.application; includeInIndex = 0; path = "UISearchController的使用.app"; sourceTree = BUILT_PRODUCTS_DIR; };
		4AA5A5511E4FE8FE00A1E843 /* AppDelegate.swift */ = {isa = PBXFileReference; lastKnownFileType = sourcecode.swift; path = AppDelegate.swift; sourceTree = "<group>"; };
		4AA5A5561E4FE8FE00A1E843 /* Base */ = {isa = PBXFileReference; lastKnownFileType = file.storyboard; name = Base; path = Base.lproj/Main.storyboard; sourceTree = "<group>"; };
		4AA5A5581E4FE8FE00A1E843 /* Assets.xcassets */ = {isa = PBXFileReference; lastKnownFileType = folder.assetcatalog; path = Assets.xcassets; sourceTree = "<group>"; };
		4AA5A55B1E4FE8FE00A1E843 /* Base */ = {isa = PBXFileReference; lastKnownFileType = file.storyboard; name = Base; path = Base.lproj/LaunchScreen.storyboard; sourceTree = "<group>"; };
		4AA5A55D1E4FE8FE00A1E843 /* Info.plist */ = {isa = PBXFileReference; lastKnownFileType = text.plist.xml; path = Info.plist; sourceTree = "<group>"; };
		4AA5A5631E4FE92B00A1E843 /* TableViewController.swift */ = {isa = PBXFileReference; fileEncoding = 4; lastKnownFileType = sourcecode.swift; path = TableViewController.swift; sourceTree = "<group>"; };
		4AA5A5651E4FE95B00A1E843 /* SearchResultTableViewController.swift */ = {isa = PBXFileReference; fileEncoding = 4; lastKnownFileType = sourcecode.swift; path = SearchResultTableViewController.swift; sourceTree = "<group>"; };
/* End PBXFileReference section */

/* Begin PBXFrameworksBuildPhase section */
		4AA5A54B1E4FE8FE00A1E843 /* Frameworks */ = {
			isa = PBXFrameworksBuildPhase;
			buildActionMask = 2147483647;
			files = (
			);
			runOnlyForDeploymentPostprocessing = 0;
		};
/* End PBXFrameworksBuildPhase section */

/* Begin PBXGroup section */
		4AA5A5451E4FE8FE00A1E843 = {
			isa = PBXGroup;
			children = (
				4AA5A5501E4FE8FE00A1E843 /* UISearchController的使用 */,
				4AA5A54F1E4FE8FE00A1E843 /* Products */,
			);
			sourceTree = "<group>";
		};
		4AA5A54F1E4FE8FE00A1E843 /* Products */ = {
			isa = PBXGroup;
			children = (
				4AA5A54E1E4FE8FE00A1E843 /* UISearchController的使用.app */,
			);
			name = Products;
			sourceTree = "<group>";
		};
		4AA5A5501E4FE8FE00A1E843 /* UISearchController的使用 */ = {
			isa = PBXGroup;
			children = (
				4AA5A5511E4FE8FE00A1E843 /* AppDelegate.swift */,
				4AA5A5551E4FE8FE00A1E843 /* Main.storyboard */,
				4AA5A5581E4FE8FE00A1E843 /* Assets.xcassets */,
				4AA5A55A1E4FE8FE00A1E843 /* LaunchScreen.storyboard */,
				4AA5A55D1E4FE8FE00A1E843 /* Info.plist */,
				4AA5A5631E4FE92B00A1E843 /* TableViewController.swift */,
				4AA5A5651E4FE95B00A1E843 /* SearchResultTableViewController.swift */,
			);
			path = "UISearchController的使用";
			sourceTree = "<group>";
		};
/* End PBXGroup section */

/* Begin PBXNativeTarget section */
		4AA5A54D1E4FE8FE00A1E843 /* UISearchController的使用 */ = {
			isa = PBXNativeTarget;
			buildConfigurationList = 4AA5A5601E4FE8FE00A1E843 /* Build configuration list for PBXNativeTarget "UISearchController的使用" */;
			buildPhases = (
				4AA5A54A1E4FE8FE00A1E843 /* Sources */,
				4AA5A54B1E4FE8FE00A1E843 /* Frameworks */,
				4AA5A54C1E4FE8FE00A1E843 /* Resources */,
			);
			buildRules = (
			);
			dependencies = (
			);
			name = "UISearchController的使用";
			productName = "UISearchController的使用";
			productReference = 4AA5A54E1E4FE8FE00A1E843 /* UISearchController的使用.app */;
			productType = "com.apple.product-type.application";
		};
/* End PBXNativeTarget section */

/* Begin PBXProject section */
		4AA5A5461E4FE8FE00A1E843 /* Project object */ = {
			isa = PBXProject;
			attributes = {
				LastSwiftUpdateCheck = 0820;
				LastUpgradeCheck = 0820;
				ORGANIZATIONNAME = Lebron;
				TargetAttributes = {
					4AA5A54D1E4FE8FE00A1E843 = {
						CreatedOnToolsVersion = 8.2.1;
						DevelopmentTeam = HN63343AHN;
						ProvisioningStyle = Automatic;
					};
				};
			};
			buildConfigurationList = 4AA5A5491E4FE8FE00A1E843 /* Build configuration list for PBXProject "UISearchController的使用" */;
			compatibilityVersion = "Xcode 3.2";
			developmentRegion = English;
			hasScannedForEncodings = 0;
			knownRegions = (
				en,
				Base,
			);
			mainGroup = 4AA5A5451E4FE8FE00A1E843;
			productRefGroup = 4AA5A54F1E4FE8FE00A1E843 /* Products */;
			projectDirPath = "";
			projectRoot = "";
			targets = (
				4AA5A54D1E4FE8FE00A1E843 /* UISearchController的使用 */,
			);
		};
/* End PBXProject section */

/* Begin PBXResourcesBuildPhase section */
		4AA5A54C1E4FE8FE00A1E843 /* Resources */ = {
			isa = PBXResourcesBuildPhase;
			buildActionMask = 2147483647;
			files = (
				4AA5A55C1E4FE8FE00A1E843 /* LaunchScreen.storyboard in Resources */,
				4AA5A5591E4FE8FE00A1E843 /* Assets.xcassets in Resources */,
				4AA5A5571E4FE8FE00A1E843 /* Main.storyboard in Resources */,
			);
			runOnlyForDeploymentPostprocessing = 0;
		};
/* End PBXResourcesBuildPhase section */

/* Begin PBXSourcesBuildPhase section */
		4AA5A54A1E4FE8FE00A1E843 /* Sources */ = {
			isa = PBXSourcesBuildPhase;
			buildActionMask = 2147483647;
			files = (
				4AA5A5521E4FE8FE00A1E843 /* AppDelegate.swift in Sources */,
				4AA5A5641E4FE92B00A1E843 /* TableViewController.swift in Sources */,
				4AA5A5661E4FE95B00A1E843 /* SearchResultTableViewController.swift in Sources */,
			);
			runOnlyForDeploymentPostprocessing = 0;
		};
/* End PBXSourcesBuildPhase section */

/* Begin PBXVariantGroup section */
		4AA5A5551E4FE8FE00A1E843 /* Main.storyboard */ = {
			isa = PBXVariantGroup;
			children = (
				4AA5A5561E4FE8FE00A1E843 /* Base */,
			);
			name = Main.storyboard;
			sourceTree = "<group>";
		};
		4AA5A55A1E4FE8FE00A1E843 /* LaunchScreen.storyboard */ = {
			isa = PBXVariantGroup;
			children = (
				4AA5A55B1E4FE8FE00A1E843 /* Base */,
			);
			name = LaunchScreen.storyboard;
			sourceTree = "<group>";
		};
/* End PBXVariantGroup section */

/* Begin XCBuildConfiguration section */
		4AA5A55E1E4FE8FE00A1E843 /* Debug */ = {
			isa = XCBuildConfiguration;
			buildSettings = {
				ALWAYS_SEARCH_USER_PATHS = NO;
				CLANG_ANALYZER_NONNULL = YES;
				CLANG_CXX_LANGUAGE_STANDARD = "gnu++0x";
				CLANG_CXX_LIBRARY = "libc++";
				CLANG_ENABLE_MODULES = YES;
				CLANG_ENABLE_OBJC_ARC = YES;
				CLANG_WARN_BOOL_CONVERSION = YES;
				CLANG_WARN_CONSTANT_CONVERSION = YES;
				CLANG_WARN_DIRECT_OBJC_ISA_USAGE = YES_ERROR;
				CLANG_WARN_DOCUMENTATION_COMMENTS = YES;
				CLANG_WARN_EMPTY_BODY = YES;
				CLANG_WARN_ENUM_CONVERSION = YES;
				CLANG_WARN_INFINITE_RECURSION = YES;
				CLANG_WARN_INT_CONVERSION = YES;
				CLANG_WARN_OBJC_ROOT_CLASS = YES_ERROR;
				CLANG_WARN_SUSPICIOUS_MOVE = YES;
				CLANG_WARN_UNREACHABLE_CODE = YES;
				CLANG_WARN__DUPLICATE_METHOD_MATCH = YES;
				"CODE_SIGN_IDENTITY[sdk=iphoneos*]" = "iPhone Developer";
				COPY_PHASE_STRIP = NO;
				DEBUG_INFORMATION_FORMAT = dwarf;
				ENABLE_STRICT_OBJC_MSGSEND = YES;
				ENABLE_TESTABILITY = YES;
				GCC_C_LANGUAGE_STANDARD = gnu99;
				GCC_DYNAMIC_NO_PIC = NO;
				GCC_NO_COMMON_BLOCKS = YES;
				GCC_OPTIMIZATION_LEVEL = 0;
				GCC_PREPROCESSOR_DEFINITIONS = (
					"DEBUG=1",
					"$(inherited)",
				);
				GCC_WARN_64_TO_32_BIT_CONVERSION = YES;
				GCC_WARN_ABOUT_RETURN_TYPE = YES_ERROR;
				GCC_WARN_UNDECLARED_SELECTOR = YES;
				GCC_WARN_UNINITIALIZED_AUTOS = YES_AGGRESSIVE;
				GCC_WARN_UNUSED_FUNCTION = YES;
				GCC_WARN_UNUSED_VARIABLE = YES;
				IPHONEOS_DEPLOYMENT_TARGET = 10.2;
				MTL_ENABLE_DEBUG_INFO = YES;
				ONLY_ACTIVE_ARCH = YES;
				SDKROOT = iphoneos;
				SWIFT_ACTIVE_COMPILATION_CONDITIONS = DEBUG;
				SWIFT_OPTIMIZATION_LEVEL = "-Onone";
			};
			name = Debug;
		};
		4AA5A55F1E4FE8FE00A1E843 /* Release */ = {
			isa = XCBuildConfiguration;
			buildSettings = {
				ALWAYS_SEARCH_USER_PATHS = NO;
				CLANG_ANALYZER_NONNULL = YES;
				CLANG_CXX_LANGUAGE_STANDARD = "gnu++0x";
				CLANG_CXX_LIBRARY = "libc++";
				CLANG_ENABLE_MODULES = YES;
				CLANG_ENABLE_OBJC_ARC = YES;
				CLANG_WARN_BOOL_CONVERSION = YES;
				CLANG_WARN_CONSTANT_CONVERSION = YES;
				CLANG_WARN_DIRECT_OBJC_ISA_USAGE = YES_ERROR;
				CLANG_WARN_DOCUMENTATION_COMMENTS = YES;
				CLANG_WARN_EMPTY_BODY = YES;
				CLANG_WARN_ENUM_CONVERSION = YES;
				CLANG_WARN_INFINITE_RECURSION = YES;
				CLANG_WARN_INT_CONVERSION = YES;
				CLANG_WARN_OBJC_ROOT_CLASS = YES_ERROR;
				CLANG_WARN_SUSPICIOUS_MOVE = YES;
				CLANG_WARN_UNREACHABLE_CODE = YES;
				CLANG_WARN__DUPLICATE_METHOD_MATCH = YES;
				"CODE_SIGN_IDENTITY[sdk=iphoneos*]" = "iPhone Developer";
				COPY_PHASE_STRIP = NO;
				DEBUG_INFORMATION_FORMAT = "dwarf-with-dsym";
				ENABLE_NS_ASSERTIONS = NO;
				ENABLE_STRICT_OBJC_MSGSEND = YES;
				GCC_C_LANGUAGE_STANDARD = gnu99;
				GCC_NO_COMMON_BLOCKS = YES;
				GCC_WARN_64_TO_32_BIT_CONVERSION = YES;
				GCC_WARN_ABOUT_RETURN_TYPE = YES_ERROR;
				GCC_WARN_UNDECLARED_SELECTOR = YES;
				GCC_WARN_UNINITIALIZED_AUTOS = YES_AGGRESSIVE;
				GCC_WARN_UNUSED_FUNCTION = YES;
				GCC_WARN_UNUSED_VARIABLE = YES;
				IPHONEOS_DEPLOYMENT_TARGET = 10.2;
				MTL_ENABLE_DEBUG_INFO = NO;
				SDKROOT = iphoneos;
				SWIFT_OPTIMIZATION_LEVEL = "-Owholemodule";
				VALIDATE_PRODUCT = YES;
			};
			name = Release;
		};
		4AA5A5611E4FE8FE00A1E843 /* Debug */ = {
			isa = XCBuildConfiguration;
			buildSettings = {
				ASSETCATALOG_COMPILER_APPICON_NAME = AppIcon;
				DEVELOPMENT_TEAM = HN63343AHN;
				INFOPLIST_FILE = "UISearchController的使用/Info.plist";
				LD_RUNPATH_SEARCH_PATHS = "$(inherited) @executable_path/Frameworks";
				PRODUCT_BUNDLE_IDENTIFIER = "com.lebron.UISearchController---";
				PRODUCT_NAME = "$(TARGET_NAME)";
				SWIFT_VERSION = 3.0;
			};
			name = Debug;
		};
		4AA5A5621E4FE8FE00A1E843 /* Release */ = {
			isa = XCBuildConfiguration;
			buildSettings = {
				ASSETCATALOG_COMPILER_APPICON_NAME = AppIcon;
				DEVELOPMENT_TEAM = HN63343AHN;
				INFOPLIST_FILE = "UISearchController的使用/Info.plist";
				LD_RUNPATH_SEARCH_PATHS = "$(inherited) @executable_path/Frameworks";
				PRODUCT_BUNDLE_IDENTIFIER = "com.lebron.UISearchController---";
				PRODUCT_NAME = "$(TARGET_NAME)";
				SWIFT_VERSION = 3.0;
			};
			name = Release;
		};
/* End XCBuildConfiguration section */

/* Begin XCConfigurationList section */
		4AA5A5491E4FE8FE00A1E843 /* Build configuration list for PBXProject "UISearchController的使用" */ = {
			isa = XCConfigurationList;
			buildConfigurations = (
				4AA5A55E1E4FE8FE00A1E843 /* Debug */,
				4AA5A55F1E4FE8FE00A1E843 /* Release */,
			);
			defaultConfigurationIsVisible = 0;
			defaultConfigurationName = Release;
		};
		4AA5A5601E4FE8FE00A1E843 /* Build configuration list for PBXNativeTarget "UISearchController的使用" */ = {
			isa = XCConfigurationList;
			buildConfigurations = (
				4AA5A5611E4FE8FE00A1E843 /* Debug */,
				4AA5A5621E4FE8FE00A1E843 /* Release */,
			);
			defaultConfigurationIsVisible = 0;
		};
/* End XCConfigurationList section */
	};
	rootObject = 4AA5A5461E4FE8FE00A1E843 /* Project object */;
}
